// !$*UTF8*$!
{
	archiveVersion = 1;
	classes = {
	};
	objectVersion = 56;
	objects = {

/* Begin PBXBuildFile section */
		A94C40B22C8ACF22008E91C2 /* LaunchScreenView.swift in Sources */ = {isa = PBXBuildFile; fileRef = A94C40B12C8ACF22008E91C2 /* LaunchScreenView.swift */; };
		A94C40B82C8AD1E4008E91C2 /* String+Key.swift in Sources */ = {isa = PBXBuildFile; fileRef = A94C40B72C8AD1E4008E91C2 /* String+Key.swift */; };
		A94C40BB2C8AD372008E91C2 /* RootView.swift in Sources */ = {isa = PBXBuildFile; fileRef = A94C40BA2C8AD372008E91C2 /* RootView.swift */; };
		A94C40BD2C8ADCF3008E91C2 /* ViewCoordinator.swift in Sources */ = {isa = PBXBuildFile; fileRef = A94C40BC2C8ADCF3008E91C2 /* ViewCoordinator.swift */; };
		A94C40BF2C8ADD3F008E91C2 /* Screen.swift in Sources */ = {isa = PBXBuildFile; fileRef = A94C40BE2C8ADD3F008E91C2 /* Screen.swift */; };
		A9DA8CC72C8A9C3500D1141C /* CCRecorderApp.swift in Sources */ = {isa = PBXBuildFile; fileRef = A9DA8CC62C8A9C3500D1141C /* CCRecorderApp.swift */; };
		A9DA8CC92C8A9C3500D1141C /* ContentView.swift in Sources */ = {isa = PBXBuildFile; fileRef = A9DA8CC82C8A9C3500D1141C /* ContentView.swift */; };
		A9DA8CCB2C8A9C3500D1141C /* Item.swift in Sources */ = {isa = PBXBuildFile; fileRef = A9DA8CCA2C8A9C3500D1141C /* Item.swift */; };
		A9DA8CCD2C8A9C3600D1141C /* Assets.xcassets in Resources */ = {isa = PBXBuildFile; fileRef = A9DA8CCC2C8A9C3600D1141C /* Assets.xcassets */; };
		A9DA8CD02C8A9C3600D1141C /* Preview Assets.xcassets in Resources */ = {isa = PBXBuildFile; fileRef = A9DA8CCF2C8A9C3600D1141C /* Preview Assets.xcassets */; };
		A9DA8CDA2C8A9C3600D1141C /* CCRecorderTests.swift in Sources */ = {isa = PBXBuildFile; fileRef = A9DA8CD92C8A9C3600D1141C /* CCRecorderTests.swift */; };
		A9DA8CE42C8A9C3600D1141C /* CCRecorderUITests.swift in Sources */ = {isa = PBXBuildFile; fileRef = A9DA8CE32C8A9C3600D1141C /* CCRecorderUITests.swift */; };
		A9DA8CE62C8A9C3600D1141C /* CCRecorderUITestsLaunchTests.swift in Sources */ = {isa = PBXBuildFile; fileRef = A9DA8CE52C8A9C3600D1141C /* CCRecorderUITestsLaunchTests.swift */; };
		A9DA8D042C8A9EE200D1141C /* OnboardView.swift in Sources */ = {isa = PBXBuildFile; fileRef = A9DA8D032C8A9EE200D1141C /* OnboardView.swift */; };
		A9DA8D092C8A9FB100D1141C /* MainView.swift in Sources */ = {isa = PBXBuildFile; fileRef = A9DA8D082C8A9FB100D1141C /* MainView.swift */; };
/* End PBXBuildFile section */

/* Begin PBXContainerItemProxy section */
		A9DA8CD62C8A9C3600D1141C /* PBXContainerItemProxy */ = {
			isa = PBXContainerItemProxy;
			containerPortal = A9DA8CBB2C8A9C3500D1141C /* Project object */;
			proxyType = 1;
			remoteGlobalIDString = A9DA8CC22C8A9C3500D1141C;
			remoteInfo = CCRecorder;
		};
		A9DA8CE02C8A9C3600D1141C /* PBXContainerItemProxy */ = {
			isa = PBXContainerItemProxy;
			containerPortal = A9DA8CBB2C8A9C3500D1141C /* Project object */;
			proxyType = 1;
			remoteGlobalIDString = A9DA8CC22C8A9C3500D1141C;
			remoteInfo = CCRecorder;
		};
/* End PBXContainerItemProxy section */

/* Begin PBXFileReference section */
		A94C40B12C8ACF22008E91C2 /* LaunchScreenView.swift */ = {isa = PBXFileReference; lastKnownFileType = sourcecode.swift; path = LaunchScreenView.swift; sourceTree = "<group>"; };
		A94C40B72C8AD1E4008E91C2 /* String+Key.swift */ = {isa = PBXFileReference; lastKnownFileType = sourcecode.swift; path = "String+Key.swift"; sourceTree = "<group>"; };
		A94C40BA2C8AD372008E91C2 /* RootView.swift */ = {isa = PBXFileReference; lastKnownFileType = sourcecode.swift; path = RootView.swift; sourceTree = "<group>"; };
		A94C40BC2C8ADCF3008E91C2 /* ViewCoordinator.swift */ = {isa = PBXFileReference; lastKnownFileType = sourcecode.swift; path = ViewCoordinator.swift; sourceTree = "<group>"; };
		A94C40BE2C8ADD3F008E91C2 /* Screen.swift */ = {isa = PBXFileReference; lastKnownFileType = sourcecode.swift; path = Screen.swift; sourceTree = "<group>"; };
		A9DA8CC32C8A9C3500D1141C /* CCRecorder.app */ = {isa = PBXFileReference; explicitFileType = wrapper.application; includeInIndex = 0; path = CCRecorder.app; sourceTree = BUILT_PRODUCTS_DIR; };
		A9DA8CC62C8A9C3500D1141C /* CCRecorderApp.swift */ = {isa = PBXFileReference; lastKnownFileType = sourcecode.swift; path = CCRecorderApp.swift; sourceTree = "<group>"; };
		A9DA8CC82C8A9C3500D1141C /* ContentView.swift */ = {isa = PBXFileReference; lastKnownFileType = sourcecode.swift; path = ContentView.swift; sourceTree = "<group>"; };
		A9DA8CCA2C8A9C3500D1141C /* Item.swift */ = {isa = PBXFileReference; lastKnownFileType = sourcecode.swift; path = Item.swift; sourceTree = "<group>"; };
		A9DA8CCC2C8A9C3600D1141C /* Assets.xcassets */ = {isa = PBXFileReference; lastKnownFileType = folder.assetcatalog; path = Assets.xcassets; sourceTree = "<group>"; };
		A9DA8CCF2C8A9C3600D1141C /* Preview Assets.xcassets */ = {isa = PBXFileReference; lastKnownFileType = folder.assetcatalog; path = "Preview Assets.xcassets"; sourceTree = "<group>"; };
		A9DA8CD52C8A9C3600D1141C /* CCRecorderTests.xctest */ = {isa = PBXFileReference; explicitFileType = wrapper.cfbundle; includeInIndex = 0; path = CCRecorderTests.xctest; sourceTree = BUILT_PRODUCTS_DIR; };
		A9DA8CD92C8A9C3600D1141C /* CCRecorderTests.swift */ = {isa = PBXFileReference; lastKnownFileType = sourcecode.swift; path = CCRecorderTests.swift; sourceTree = "<group>"; };
		A9DA8CDF2C8A9C3600D1141C /* CCRecorderUITests.xctest */ = {isa = PBXFileReference; explicitFileType = wrapper.cfbundle; includeInIndex = 0; path = CCRecorderUITests.xctest; sourceTree = BUILT_PRODUCTS_DIR; };
		A9DA8CE32C8A9C3600D1141C /* CCRecorderUITests.swift */ = {isa = PBXFileReference; lastKnownFileType = sourcecode.swift; path = CCRecorderUITests.swift; sourceTree = "<group>"; };
		A9DA8CE52C8A9C3600D1141C /* CCRecorderUITestsLaunchTests.swift */ = {isa = PBXFileReference; lastKnownFileType = sourcecode.swift; path = CCRecorderUITestsLaunchTests.swift; sourceTree = "<group>"; };
		A9DA8D032C8A9EE200D1141C /* OnboardView.swift */ = {isa = PBXFileReference; lastKnownFileType = sourcecode.swift; path = OnboardView.swift; sourceTree = "<group>"; };
		A9DA8D082C8A9FB100D1141C /* MainView.swift */ = {isa = PBXFileReference; lastKnownFileType = sourcecode.swift; path = MainView.swift; sourceTree = "<group>"; };
/* End PBXFileReference section */

/* Begin PBXFrameworksBuildPhase section */
		A9DA8CC02C8A9C3500D1141C /* Frameworks */ = {
			isa = PBXFrameworksBuildPhase;
			buildActionMask = 2147483647;
			files = (
			);
			runOnlyForDeploymentPostprocessing = 0;
		};
		A9DA8CD22C8A9C3600D1141C /* Frameworks */ = {
			isa = PBXFrameworksBuildPhase;
			buildActionMask = 2147483647;
			files = (
			);
			runOnlyForDeploymentPostprocessing = 0;
		};
		A9DA8CDC2C8A9C3600D1141C /* Frameworks */ = {
			isa = PBXFrameworksBuildPhase;
			buildActionMask = 2147483647;
			files = (
			);
			runOnlyForDeploymentPostprocessing = 0;
		};
/* End PBXFrameworksBuildPhase section */

/* Begin PBXGroup section */
		A94C40AF2C8ACDD9008E91C2 /* Subview */ = {
			isa = PBXGroup;
			children = (
			);
			path = Subview;
			sourceTree = "<group>";
		};
		A94C40B02C8ACEE1008E91C2 /* LaunchScreen */ = {
			isa = PBXGroup;
			children = (
				A94C40B12C8ACF22008E91C2 /* LaunchScreenView.swift */,
			);
			path = LaunchScreen;
			sourceTree = "<group>";
		};
		A94C40B62C8AD1D8008E91C2 /* Common */ = {
			isa = PBXGroup;
			children = (
				A94C40B72C8AD1E4008E91C2 /* String+Key.swift */,
			);
			path = Common;
			sourceTree = "<group>";
		};
		A94C40B92C8AD366008E91C2 /* Root */ = {
			isa = PBXGroup;
			children = (
				A94C40BA2C8AD372008E91C2 /* RootView.swift */,
				A94C40BC2C8ADCF3008E91C2 /* ViewCoordinator.swift */,
				A94C40BE2C8ADD3F008E91C2 /* Screen.swift */,
			);
			path = Root;
			sourceTree = "<group>";
		};
		A9DA8CBA2C8A9C3500D1141C = {
			isa = PBXGroup;
			children = (
				A9DA8CC52C8A9C3500D1141C /* CCRecorder */,
				A9DA8CD82C8A9C3600D1141C /* CCRecorderTests */,
				A9DA8CE22C8A9C3600D1141C /* CCRecorderUITests */,
				A9DA8CC42C8A9C3500D1141C /* Products */,
			);
			sourceTree = "<group>";
		};
		A9DA8CC42C8A9C3500D1141C /* Products */ = {
			isa = PBXGroup;
			children = (
				A9DA8CC32C8A9C3500D1141C /* CCRecorder.app */,
				A9DA8CD52C8A9C3600D1141C /* CCRecorderTests.xctest */,
				A9DA8CDF2C8A9C3600D1141C /* CCRecorderUITests.xctest */,
			);
			name = Products;
			sourceTree = "<group>";
		};
		A9DA8CC52C8A9C3500D1141C /* CCRecorder */ = {
			isa = PBXGroup;
			children = (
				A9DA8CFE2C8A9CD900D1141C /* Sources */,
				A9DA8CFF2C8A9CE400D1141C /* Resources */,
			);
			path = CCRecorder;
			sourceTree = "<group>";
		};
		A9DA8CCE2C8A9C3600D1141C /* Preview Content */ = {
			isa = PBXGroup;
			children = (
				A9DA8CCF2C8A9C3600D1141C /* Preview Assets.xcassets */,
			);
			path = "Preview Content";
			sourceTree = "<group>";
		};
		A9DA8CD82C8A9C3600D1141C /* CCRecorderTests */ = {
			isa = PBXGroup;
			children = (
				A9DA8CD92C8A9C3600D1141C /* CCRecorderTests.swift */,
			);
			path = CCRecorderTests;
			sourceTree = "<group>";
		};
		A9DA8CE22C8A9C3600D1141C /* CCRecorderUITests */ = {
			isa = PBXGroup;
			children = (
				A9DA8CE32C8A9C3600D1141C /* CCRecorderUITests.swift */,
				A9DA8CE52C8A9C3600D1141C /* CCRecorderUITestsLaunchTests.swift */,
			);
			path = CCRecorderUITests;
			sourceTree = "<group>";
		};
		A9DA8CFE2C8A9CD900D1141C /* Sources */ = {
			isa = PBXGroup;
			children = (
				A9DA8D072C8A9F9A00D1141C /* init */,
				A9DA8CC62C8A9C3500D1141C /* CCRecorderApp.swift */,
				A94C40B62C8AD1D8008E91C2 /* Common */,
				A94C40B02C8ACEE1008E91C2 /* LaunchScreen */,
				A9DA8D002C8A9EA700D1141C /* Screens */,
				A9DA8D022C8A9EBA00D1141C /* Entity */,
				A9DA8D012C8A9EB300D1141C /* Utils */,
			);
			path = Sources;
			sourceTree = "<group>";
		};
		A9DA8CFF2C8A9CE400D1141C /* Resources */ = {
			isa = PBXGroup;
			children = (
				A9DA8CCC2C8A9C3600D1141C /* Assets.xcassets */,
				A9DA8CCE2C8A9C3600D1141C /* Preview Content */,
			);
			path = Resources;
			sourceTree = "<group>";
		};
		A9DA8D002C8A9EA700D1141C /* Screens */ = {
			isa = PBXGroup;
			children = (
				A9DA8D052C8A9EE700D1141C /* Onboard */,
				A94C40B92C8AD366008E91C2 /* Root */,
				A9DA8D062C8A9EF000D1141C /* Main */,
			);
			path = Screens;
			sourceTree = "<group>";
		};
		A9DA8D012C8A9EB300D1141C /* Utils */ = {
			isa = PBXGroup;
			children = (
			);
			path = Utils;
			sourceTree = "<group>";
		};
		A9DA8D022C8A9EBA00D1141C /* Entity */ = {
			isa = PBXGroup;
			children = (
			);
			path = Entity;
			sourceTree = "<group>";
		};
		A9DA8D052C8A9EE700D1141C /* Onboard */ = {
			isa = PBXGroup;
			children = (
				A9DA8D032C8A9EE200D1141C /* OnboardView.swift */,
				A94C40AF2C8ACDD9008E91C2 /* Subview */,
			);
			path = Onboard;
			sourceTree = "<group>";
		};
		A9DA8D062C8A9EF000D1141C /* Main */ = {
			isa = PBXGroup;
			children = (
				A9DA8D082C8A9FB100D1141C /* MainView.swift */,
			);
			path = Main;
			sourceTree = "<group>";
		};
		A9DA8D072C8A9F9A00D1141C /* init */ = {
			isa = PBXGroup;
			children = (
				A9DA8CC82C8A9C3500D1141C /* ContentView.swift */,
				A9DA8CCA2C8A9C3500D1141C /* Item.swift */,
			);
			path = init;
			sourceTree = "<group>";
		};
/* End PBXGroup section */

/* Begin PBXNativeTarget section */
		A9DA8CC22C8A9C3500D1141C /* CCRecorder */ = {
			isa = PBXNativeTarget;
			buildConfigurationList = A9DA8CE92C8A9C3600D1141C /* Build configuration list for PBXNativeTarget "CCRecorder" */;
			buildPhases = (
				A9DA8CBF2C8A9C3500D1141C /* Sources */,
				A9DA8CC02C8A9C3500D1141C /* Frameworks */,
				A9DA8CC12C8A9C3500D1141C /* Resources */,
			);
			buildRules = (
			);
			dependencies = (
			);
			name = CCRecorder;
			productName = CCRecorder;
			productReference = A9DA8CC32C8A9C3500D1141C /* CCRecorder.app */;
			productType = "com.apple.product-type.application";
		};
		A9DA8CD42C8A9C3600D1141C /* CCRecorderTests */ = {
			isa = PBXNativeTarget;
			buildConfigurationList = A9DA8CEC2C8A9C3600D1141C /* Build configuration list for PBXNativeTarget "CCRecorderTests" */;
			buildPhases = (
				A9DA8CD12C8A9C3600D1141C /* Sources */,
				A9DA8CD22C8A9C3600D1141C /* Frameworks */,
				A9DA8CD32C8A9C3600D1141C /* Resources */,
			);
			buildRules = (
			);
			dependencies = (
				A9DA8CD72C8A9C3600D1141C /* PBXTargetDependency */,
			);
			name = CCRecorderTests;
			productName = CCRecorderTests;
			productReference = A9DA8CD52C8A9C3600D1141C /* CCRecorderTests.xctest */;
			productType = "com.apple.product-type.bundle.unit-test";
		};
		A9DA8CDE2C8A9C3600D1141C /* CCRecorderUITests */ = {
			isa = PBXNativeTarget;
			buildConfigurationList = A9DA8CEF2C8A9C3600D1141C /* Build configuration list for PBXNativeTarget "CCRecorderUITests" */;
			buildPhases = (
				A9DA8CDB2C8A9C3600D1141C /* Sources */,
				A9DA8CDC2C8A9C3600D1141C /* Frameworks */,
				A9DA8CDD2C8A9C3600D1141C /* Resources */,
			);
			buildRules = (
			);
			dependencies = (
				A9DA8CE12C8A9C3600D1141C /* PBXTargetDependency */,
			);
			name = CCRecorderUITests;
			productName = CCRecorderUITests;
			productReference = A9DA8CDF2C8A9C3600D1141C /* CCRecorderUITests.xctest */;
			productType = "com.apple.product-type.bundle.ui-testing";
		};
/* End PBXNativeTarget section */

/* Begin PBXProject section */
		A9DA8CBB2C8A9C3500D1141C /* Project object */ = {
			isa = PBXProject;
			attributes = {
				BuildIndependentTargetsInParallel = 1;
				LastSwiftUpdateCheck = 1540;
				LastUpgradeCheck = 1540;
				TargetAttributes = {
					A9DA8CC22C8A9C3500D1141C = {
						CreatedOnToolsVersion = 15.4;
					};
					A9DA8CD42C8A9C3600D1141C = {
						CreatedOnToolsVersion = 15.4;
						TestTargetID = A9DA8CC22C8A9C3500D1141C;
					};
					A9DA8CDE2C8A9C3600D1141C = {
						CreatedOnToolsVersion = 15.4;
						TestTargetID = A9DA8CC22C8A9C3500D1141C;
					};
				};
			};
			buildConfigurationList = A9DA8CBE2C8A9C3500D1141C /* Build configuration list for PBXProject "CCRecorder" */;
			compatibilityVersion = "Xcode 14.0";
			developmentRegion = en;
			hasScannedForEncodings = 0;
			knownRegions = (
				en,
			);
			mainGroup = A9DA8CBA2C8A9C3500D1141C;
			productRefGroup = A9DA8CC42C8A9C3500D1141C /* Products */;
			projectDirPath = "";
			projectRoot = "";
			targets = (
				A9DA8CC22C8A9C3500D1141C /* CCRecorder */,
				A9DA8CD42C8A9C3600D1141C /* CCRecorderTests */,
				A9DA8CDE2C8A9C3600D1141C /* CCRecorderUITests */,
			);
		};
/* End PBXProject section */

/* Begin PBXResourcesBuildPhase section */
		A9DA8CC12C8A9C3500D1141C /* Resources */ = {
			isa = PBXResourcesBuildPhase;
			buildActionMask = 2147483647;
			files = (
				A9DA8CD02C8A9C3600D1141C /* Preview Assets.xcassets in Resources */,
				A9DA8CCD2C8A9C3600D1141C /* Assets.xcassets in Resources */,
			);
			runOnlyForDeploymentPostprocessing = 0;
		};
		A9DA8CD32C8A9C3600D1141C /* Resources */ = {
			isa = PBXResourcesBuildPhase;
			buildActionMask = 2147483647;
			files = (
			);
			runOnlyForDeploymentPostprocessing = 0;
		};
		A9DA8CDD2C8A9C3600D1141C /* Resources */ = {
			isa = PBXResourcesBuildPhase;
			buildActionMask = 2147483647;
			files = (
			);
			runOnlyForDeploymentPostprocessing = 0;
		};
/* End PBXResourcesBuildPhase section */

/* Begin PBXSourcesBuildPhase section */
		A9DA8CBF2C8A9C3500D1141C /* Sources */ = {
			isa = PBXSourcesBuildPhase;
			buildActionMask = 2147483647;
			files = (
				A94C40BB2C8AD372008E91C2 /* RootView.swift in Sources */,
				A9DA8D042C8A9EE200D1141C /* OnboardView.swift in Sources */,
				A9DA8CC92C8A9C3500D1141C /* ContentView.swift in Sources */,
				A9DA8CCB2C8A9C3500D1141C /* Item.swift in Sources */,
				A94C40BD2C8ADCF3008E91C2 /* ViewCoordinator.swift in Sources */,
				A94C40BF2C8ADD3F008E91C2 /* Screen.swift in Sources */,
				A9DA8D092C8A9FB100D1141C /* MainView.swift in Sources */,
				A9DA8CC72C8A9C3500D1141C /* CCRecorderApp.swift in Sources */,
				A94C40B82C8AD1E4008E91C2 /* String+Key.swift in Sources */,
				A94C40B22C8ACF22008E91C2 /* LaunchScreenView.swift in Sources */,
			);
			runOnlyForDeploymentPostprocessing = 0;
		};
		A9DA8CD12C8A9C3600D1141C /* Sources */ = {
			isa = PBXSourcesBuildPhase;
			buildActionMask = 2147483647;
			files = (
				A9DA8CDA2C8A9C3600D1141C /* CCRecorderTests.swift in Sources */,
			);
			runOnlyForDeploymentPostprocessing = 0;
		};
		A9DA8CDB2C8A9C3600D1141C /* Sources */ = {
			isa = PBXSourcesBuildPhase;
			buildActionMask = 2147483647;
			files = (
				A9DA8CE62C8A9C3600D1141C /* CCRecorderUITestsLaunchTests.swift in Sources */,
				A9DA8CE42C8A9C3600D1141C /* CCRecorderUITests.swift in Sources */,
			);
			runOnlyForDeploymentPostprocessing = 0;
		};
/* End PBXSourcesBuildPhase section */

/* Begin PBXTargetDependency section */
		A9DA8CD72C8A9C3600D1141C /* PBXTargetDependency */ = {
			isa = PBXTargetDependency;
			target = A9DA8CC22C8A9C3500D1141C /* CCRecorder */;
			targetProxy = A9DA8CD62C8A9C3600D1141C /* PBXContainerItemProxy */;
		};
		A9DA8CE12C8A9C3600D1141C /* PBXTargetDependency */ = {
			isa = PBXTargetDependency;
			target = A9DA8CC22C8A9C3500D1141C /* CCRecorder */;
			targetProxy = A9DA8CE02C8A9C3600D1141C /* PBXContainerItemProxy */;
		};
/* End PBXTargetDependency section */

/* Begin XCBuildConfiguration section */
		A9DA8CE72C8A9C3600D1141C /* Debug */ = {
			isa = XCBuildConfiguration;
			buildSettings = {
				ALWAYS_SEARCH_USER_PATHS = NO;
				ASSETCATALOG_COMPILER_GENERATE_SWIFT_ASSET_SYMBOL_EXTENSIONS = YES;
				CLANG_ANALYZER_NONNULL = YES;
				CLANG_ANALYZER_NUMBER_OBJECT_CONVERSION = YES_AGGRESSIVE;
				CLANG_CXX_LANGUAGE_STANDARD = "gnu++20";
				CLANG_ENABLE_MODULES = YES;
				CLANG_ENABLE_OBJC_ARC = YES;
				CLANG_ENABLE_OBJC_WEAK = YES;
				CLANG_WARN_BLOCK_CAPTURE_AUTORELEASING = YES;
				CLANG_WARN_BOOL_CONVERSION = YES;
				CLANG_WARN_COMMA = YES;
				CLANG_WARN_CONSTANT_CONVERSION = YES;
				CLANG_WARN_DEPRECATED_OBJC_IMPLEMENTATIONS = YES;
				CLANG_WARN_DIRECT_OBJC_ISA_USAGE = YES_ERROR;
				CLANG_WARN_DOCUMENTATION_COMMENTS = YES;
				CLANG_WARN_EMPTY_BODY = YES;
				CLANG_WARN_ENUM_CONVERSION = YES;
				CLANG_WARN_INFINITE_RECURSION = YES;
				CLANG_WARN_INT_CONVERSION = YES;
				CLANG_WARN_NON_LITERAL_NULL_CONVERSION = YES;
				CLANG_WARN_OBJC_IMPLICIT_RETAIN_SELF = YES;
				CLANG_WARN_OBJC_LITERAL_CONVERSION = YES;
				CLANG_WARN_OBJC_ROOT_CLASS = YES_ERROR;
				CLANG_WARN_QUOTED_INCLUDE_IN_FRAMEWORK_HEADER = YES;
				CLANG_WARN_RANGE_LOOP_ANALYSIS = YES;
				CLANG_WARN_STRICT_PROTOTYPES = YES;
				CLANG_WARN_SUSPICIOUS_MOVE = YES;
				CLANG_WARN_UNGUARDED_AVAILABILITY = YES_AGGRESSIVE;
				CLANG_WARN_UNREACHABLE_CODE = YES;
				CLANG_WARN__DUPLICATE_METHOD_MATCH = YES;
				COPY_PHASE_STRIP = NO;
				DEBUG_INFORMATION_FORMAT = dwarf;
				ENABLE_STRICT_OBJC_MSGSEND = YES;
				ENABLE_TESTABILITY = YES;
				ENABLE_USER_SCRIPT_SANDBOXING = YES;
				GCC_C_LANGUAGE_STANDARD = gnu17;
				GCC_DYNAMIC_NO_PIC = NO;
				GCC_NO_COMMON_BLOCKS = YES;
				GCC_OPTIMIZATION_LEVEL = 0;
				GCC_PREPROCESSOR_DEFINITIONS = (
					"DEBUG=1",
					"$(inherited)",
				);
				GCC_WARN_64_TO_32_BIT_CONVERSION = YES;
				GCC_WARN_ABOUT_RETURN_TYPE = YES_ERROR;
				GCC_WARN_UNDECLARED_SELECTOR = YES;
				GCC_WARN_UNINITIALIZED_AUTOS = YES_AGGRESSIVE;
				GCC_WARN_UNUSED_FUNCTION = YES;
				GCC_WARN_UNUSED_VARIABLE = YES;
				IPHONEOS_DEPLOYMENT_TARGET = 17.5;
				LOCALIZATION_PREFERS_STRING_CATALOGS = YES;
				MTL_ENABLE_DEBUG_INFO = INCLUDE_SOURCE;
				MTL_FAST_MATH = YES;
				ONLY_ACTIVE_ARCH = YES;
				SDKROOT = iphoneos;
				SWIFT_ACTIVE_COMPILATION_CONDITIONS = "DEBUG $(inherited)";
				SWIFT_OPTIMIZATION_LEVEL = "-Onone";
			};
			name = Debug;
		};
		A9DA8CE82C8A9C3600D1141C /* Release */ = {
			isa = XCBuildConfiguration;
			buildSettings = {
				ALWAYS_SEARCH_USER_PATHS = NO;
				ASSETCATALOG_COMPILER_GENERATE_SWIFT_ASSET_SYMBOL_EXTENSIONS = YES;
				CLANG_ANALYZER_NONNULL = YES;
				CLANG_ANALYZER_NUMBER_OBJECT_CONVERSION = YES_AGGRESSIVE;
				CLANG_CXX_LANGUAGE_STANDARD = "gnu++20";
				CLANG_ENABLE_MODULES = YES;
				CLANG_ENABLE_OBJC_ARC = YES;
				CLANG_ENABLE_OBJC_WEAK = YES;
				CLANG_WARN_BLOCK_CAPTURE_AUTORELEASING = YES;
				CLANG_WARN_BOOL_CONVERSION = YES;
				CLANG_WARN_COMMA = YES;
				CLANG_WARN_CONSTANT_CONVERSION = YES;
				CLANG_WARN_DEPRECATED_OBJC_IMPLEMENTATIONS = YES;
				CLANG_WARN_DIRECT_OBJC_ISA_USAGE = YES_ERROR;
				CLANG_WARN_DOCUMENTATION_COMMENTS = YES;
				CLANG_WARN_EMPTY_BODY = YES;
				CLANG_WARN_ENUM_CONVERSION = YES;
				CLANG_WARN_INFINITE_RECURSION = YES;
				CLANG_WARN_INT_CONVERSION = YES;
				CLANG_WARN_NON_LITERAL_NULL_CONVERSION = YES;
				CLANG_WARN_OBJC_IMPLICIT_RETAIN_SELF = YES;
				CLANG_WARN_OBJC_LITERAL_CONVERSION = YES;
				CLANG_WARN_OBJC_ROOT_CLASS = YES_ERROR;
				CLANG_WARN_QUOTED_INCLUDE_IN_FRAMEWORK_HEADER = YES;
				CLANG_WARN_RANGE_LOOP_ANALYSIS = YES;
				CLANG_WARN_STRICT_PROTOTYPES = YES;
				CLANG_WARN_SUSPICIOUS_MOVE = YES;
				CLANG_WARN_UNGUARDED_AVAILABILITY = YES_AGGRESSIVE;
				CLANG_WARN_UNREACHABLE_CODE = YES;
				CLANG_WARN__DUPLICATE_METHOD_MATCH = YES;
				COPY_PHASE_STRIP = NO;
				DEBUG_INFORMATION_FORMAT = "dwarf-with-dsym";
				ENABLE_NS_ASSERTIONS = NO;
				ENABLE_STRICT_OBJC_MSGSEND = YES;
				ENABLE_USER_SCRIPT_SANDBOXING = YES;
				GCC_C_LANGUAGE_STANDARD = gnu17;
				GCC_NO_COMMON_BLOCKS = YES;
				GCC_WARN_64_TO_32_BIT_CONVERSION = YES;
				GCC_WARN_ABOUT_RETURN_TYPE = YES_ERROR;
				GCC_WARN_UNDECLARED_SELECTOR = YES;
				GCC_WARN_UNINITIALIZED_AUTOS = YES_AGGRESSIVE;
				GCC_WARN_UNUSED_FUNCTION = YES;
				GCC_WARN_UNUSED_VARIABLE = YES;
				IPHONEOS_DEPLOYMENT_TARGET = 17.5;
				LOCALIZATION_PREFERS_STRING_CATALOGS = YES;
				MTL_ENABLE_DEBUG_INFO = NO;
				MTL_FAST_MATH = YES;
				SDKROOT = iphoneos;
				SWIFT_COMPILATION_MODE = wholemodule;
				VALIDATE_PRODUCT = YES;
			};
			name = Release;
		};
		A9DA8CEA2C8A9C3600D1141C /* Debug */ = {
			isa = XCBuildConfiguration;
			buildSettings = {
				ASSETCATALOG_COMPILER_APPICON_NAME = AppIcon;
				ASSETCATALOG_COMPILER_GLOBAL_ACCENT_COLOR_NAME = AccentColor;
				CODE_SIGN_STYLE = Automatic;
				CURRENT_PROJECT_VERSION = 1;
				DEVELOPMENT_ASSET_PATHS = "\"CCRecorder/Resources/Preview Content\"";
				DEVELOPMENT_TEAM = 9486RJPBM5;
				ENABLE_PREVIEWS = YES;
				GENERATE_INFOPLIST_FILE = YES;
				INFOPLIST_KEY_CFBundleDisplayName = "Casual Conversation";
				INFOPLIST_KEY_LSApplicationCategoryType = "public.app-category.productivity";
				INFOPLIST_KEY_UIApplicationSceneManifest_Generation = YES;
				INFOPLIST_KEY_UIApplicationSupportsIndirectInputEvents = YES;
				INFOPLIST_KEY_UILaunchScreen_Generation = YES;
				INFOPLIST_KEY_UIStatusBarStyle = "";
				INFOPLIST_KEY_UISupportedInterfaceOrientations = UIInterfaceOrientationPortrait;
				INFOPLIST_KEY_UISupportedInterfaceOrientations_iPad = "UIInterfaceOrientationLandscapeLeft UIInterfaceOrientationLandscapeRight UIInterfaceOrientationPortrait";
				IPHONEOS_DEPLOYMENT_TARGET = 18.0;
				LD_RUNPATH_SEARCH_PATHS = (
					"$(inherited)",
					"@executable_path/Frameworks",
				);
				MARKETING_VERSION = 1.0;
				PRODUCT_BUNDLE_IDENTIFIER = com.pseapplications.ccrecorder.CCRecorder;
				PRODUCT_NAME = "$(TARGET_NAME)";
				SWIFT_EMIT_LOC_STRINGS = YES;
				SWIFT_VERSION = 5.0;
				TARGETED_DEVICE_FAMILY = "1,2";
			};
			name = Debug;
		};
		A9DA8CEB2C8A9C3600D1141C /* Release */ = {
			isa = XCBuildConfiguration;
			buildSettings = {
				ASSETCATALOG_COMPILER_APPICON_NAME = AppIcon;
				ASSETCATALOG_COMPILER_GLOBAL_ACCENT_COLOR_NAME = AccentColor;
				CODE_SIGN_STYLE = Automatic;
				CURRENT_PROJECT_VERSION = 1;
				DEVELOPMENT_ASSET_PATHS = "\"CCRecorder/Resources/Preview Content\"";
				DEVELOPMENT_TEAM = 9486RJPBM5;
				ENABLE_PREVIEWS = YES;
				GENERATE_INFOPLIST_FILE = YES;
				INFOPLIST_KEY_CFBundleDisplayName = "Casual Conversation";
				INFOPLIST_KEY_LSApplicationCategoryType = "public.app-category.productivity";
				INFOPLIST_KEY_UIApplicationSceneManifest_Generation = YES;
				INFOPLIST_KEY_UIApplicationSupportsIndirectInputEvents = YES;
				INFOPLIST_KEY_UILaunchScreen_Generation = YES;
				INFOPLIST_KEY_UIStatusBarStyle = "";
				INFOPLIST_KEY_UISupportedInterfaceOrientations = UIInterfaceOrientationPortrait;
				INFOPLIST_KEY_UISupportedInterfaceOrientations_iPad = "UIInterfaceOrientationLandscapeLeft UIInterfaceOrientationLandscapeRight UIInterfaceOrientationPortrait";
				IPHONEOS_DEPLOYMENT_TARGET = 18.0;
				LD_RUNPATH_SEARCH_PATHS = (
					"$(inherited)",
					"@executable_path/Frameworks",
				);
				MARKETING_VERSION = 1.0;
				PRODUCT_BUNDLE_IDENTIFIER = com.pseapplications.ccrecorder.CCRecorder;
				PRODUCT_NAME = "$(TARGET_NAME)";
				SWIFT_EMIT_LOC_STRINGS = YES;
				SWIFT_VERSION = 5.0;
				TARGETED_DEVICE_FAMILY = "1,2";
			};
			name = Release;
		};
		A9DA8CED2C8A9C3600D1141C /* Debug */ = {
			isa = XCBuildConfiguration;
			buildSettings = {
				ALWAYS_EMBED_SWIFT_STANDARD_LIBRARIES = YES;
				BUNDLE_LOADER = "$(TEST_HOST)";
				CODE_SIGN_STYLE = Automatic;
				CURRENT_PROJECT_VERSION = 1;
				DEVELOPMENT_TEAM = 9486RJPBM5;
				GENERATE_INFOPLIST_FILE = YES;
				IPHONEOS_DEPLOYMENT_TARGET = 17.5;
				MARKETING_VERSION = 1.0;
				PRODUCT_BUNDLE_IDENTIFIER = com.pseapplications.ccrecorder.CCRecorderTests;
				PRODUCT_NAME = "$(TARGET_NAME)";
				SWIFT_EMIT_LOC_STRINGS = NO;
				SWIFT_VERSION = 5.0;
				TARGETED_DEVICE_FAMILY = "1,2";
				TEST_HOST = "$(BUILT_PRODUCTS_DIR)/CCRecorder.app/$(BUNDLE_EXECUTABLE_FOLDER_PATH)/CCRecorder";
			};
			name = Debug;
		};
		A9DA8CEE2C8A9C3600D1141C /* Release */ = {
			isa = XCBuildConfiguration;
			buildSettings = {
				ALWAYS_EMBED_SWIFT_STANDARD_LIBRARIES = YES;
				BUNDLE_LOADER = "$(TEST_HOST)";
				CODE_SIGN_STYLE = Automatic;
				CURRENT_PROJECT_VERSION = 1;
				DEVELOPMENT_TEAM = 9486RJPBM5;
				GENERATE_INFOPLIST_FILE = YES;
				IPHONEOS_DEPLOYMENT_TARGET = 17.5;
				MARKETING_VERSION = 1.0;
				PRODUCT_BUNDLE_IDENTIFIER = com.pseapplications.ccrecorder.CCRecorderTests;
				PRODUCT_NAME = "$(TARGET_NAME)";
				SWIFT_EMIT_LOC_STRINGS = NO;
				SWIFT_VERSION = 5.0;
				TARGETED_DEVICE_FAMILY = "1,2";
				TEST_HOST = "$(BUILT_PRODUCTS_DIR)/CCRecorder.app/$(BUNDLE_EXECUTABLE_FOLDER_PATH)/CCRecorder";
			};
			name = Release;
		};
		A9DA8CF02C8A9C3600D1141C /* Debug */ = {
			isa = XCBuildConfiguration;
			buildSettings = {
				ALWAYS_EMBED_SWIFT_STANDARD_LIBRARIES = YES;
				CODE_SIGN_STYLE = Automatic;
				CURRENT_PROJECT_VERSION = 1;
				DEVELOPMENT_TEAM = 9486RJPBM5;
				GENERATE_INFOPLIST_FILE = YES;
				MARKETING_VERSION = 1.0;
				PRODUCT_BUNDLE_IDENTIFIER = com.pseapplications.ccrecorder.CCRecorderUITests;
				PRODUCT_NAME = "$(TARGET_NAME)";
				SWIFT_EMIT_LOC_STRINGS = NO;
				SWIFT_VERSION = 5.0;
				TARGETED_DEVICE_FAMILY = "1,2";
				TEST_TARGET_NAME = CCRecorder;
			};
			name = Debug;
		};
		A9DA8CF12C8A9C3600D1141C /* Release */ = {
			isa = XCBuildConfiguration;
			buildSettings = {
				ALWAYS_EMBED_SWIFT_STANDARD_LIBRARIES = YES;
				CODE_SIGN_STYLE = Automatic;
				CURRENT_PROJECT_VERSION = 1;
				DEVELOPMENT_TEAM = 9486RJPBM5;
				GENERATE_INFOPLIST_FILE = YES;
				MARKETING_VERSION = 1.0;
				PRODUCT_BUNDLE_IDENTIFIER = com.pseapplications.ccrecorder.CCRecorderUITests;
				PRODUCT_NAME = "$(TARGET_NAME)";
				SWIFT_EMIT_LOC_STRINGS = NO;
				SWIFT_VERSION = 5.0;
				TARGETED_DEVICE_FAMILY = "1,2";
				TEST_TARGET_NAME = CCRecorder;
			};
			name = Release;
		};
/* End XCBuildConfiguration section */

/* Begin XCConfigurationList section */
		A9DA8CBE2C8A9C3500D1141C /* Build configuration list for PBXProject "CCRecorder" */ = {
			isa = XCConfigurationList;
			buildConfigurations = (
				A9DA8CE72C8A9C3600D1141C /* Debug */,
				A9DA8CE82C8A9C3600D1141C /* Release */,
			);
			defaultConfigurationIsVisible = 0;
			defaultConfigurationName = Release;
		};
		A9DA8CE92C8A9C3600D1141C /* Build configuration list for PBXNativeTarget "CCRecorder" */ = {
			isa = XCConfigurationList;
			buildConfigurations = (
				A9DA8CEA2C8A9C3600D1141C /* Debug */,
				A9DA8CEB2C8A9C3600D1141C /* Release */,
			);
			defaultConfigurationIsVisible = 0;
			defaultConfigurationName = Release;
		};
		A9DA8CEC2C8A9C3600D1141C /* Build configuration list for PBXNativeTarget "CCRecorderTests" */ = {
			isa = XCConfigurationList;
			buildConfigurations = (
				A9DA8CED2C8A9C3600D1141C /* Debug */,
				A9DA8CEE2C8A9C3600D1141C /* Release */,
			);
			defaultConfigurationIsVisible = 0;
			defaultConfigurationName = Release;
		};
		A9DA8CEF2C8A9C3600D1141C /* Build configuration list for PBXNativeTarget "CCRecorderUITests" */ = {
			isa = XCConfigurationList;
			buildConfigurations = (
				A9DA8CF02C8A9C3600D1141C /* Debug */,
				A9DA8CF12C8A9C3600D1141C /* Release */,
			);
			defaultConfigurationIsVisible = 0;
			defaultConfigurationName = Release;
		};
/* End XCConfigurationList section */
	};
	rootObject = A9DA8CBB2C8A9C3500D1141C /* Project object */;
}
