// !$*UTF8*$!
{
	archiveVersion = 1;
	classes = {
	};
	objectVersion = 56;
	objects = {

/* Begin PBXBuildFile section */
		A90805C52C8E8772005CF9FC /* ConversationListView.swift in Sources */ = {isa = PBXBuildFile; fileRef = A90805C42C8E876D005CF9FC /* ConversationListView.swift */; };
		A90805C72C8E878E005CF9FC /* NoteList.swift in Sources */ = {isa = PBXBuildFile; fileRef = A90805C62C8E878B005CF9FC /* NoteList.swift */; };
		A90805CA2C8E8952005CF9FC /* MainTabbar.swift in Sources */ = {isa = PBXBuildFile; fileRef = A90805C92C8E894B005CF9FC /* MainTabbar.swift */; };
		A90805CC2C8E930A005CF9FC /* Color+.swift in Sources */ = {isa = PBXBuildFile; fileRef = A90805CB2C8E9306005CF9FC /* Color+.swift */; };
		A94C40B22C8ACF22008E91C2 /* LaunchScreenView.swift in Sources */ = {isa = PBXBuildFile; fileRef = A94C40B12C8ACF22008E91C2 /* LaunchScreenView.swift */; };
		A94C40B82C8AD1E4008E91C2 /* String+Key.swift in Sources */ = {isa = PBXBuildFile; fileRef = A94C40B72C8AD1E4008E91C2 /* String+Key.swift */; };
		A94C40BB2C8AD372008E91C2 /* RootView.swift in Sources */ = {isa = PBXBuildFile; fileRef = A94C40BA2C8AD372008E91C2 /* RootView.swift */; };
		A94C40BD2C8ADCF3008E91C2 /* ViewCoordinator.swift in Sources */ = {isa = PBXBuildFile; fileRef = A94C40BC2C8ADCF3008E91C2 /* ViewCoordinator.swift */; };
		A94C40BF2C8ADD3F008E91C2 /* Screen.swift in Sources */ = {isa = PBXBuildFile; fileRef = A94C40BE2C8ADD3F008E91C2 /* Screen.swift */; };
		A9615E452C8FBC7E00D2F954 /* VocabularyContent.swift in Sources */ = {isa = PBXBuildFile; fileRef = A9615E442C8FBC3000D2F954 /* VocabularyContent.swift */; };
		A9615E472C8FBCEE00D2F954 /* SentenceContent.swift in Sources */ = {isa = PBXBuildFile; fileRef = A9615E462C8FBCE800D2F954 /* SentenceContent.swift */; };
		A9615E492C8FFB2000D2F954 /* Memeber.swift in Sources */ = {isa = PBXBuildFile; fileRef = A9615E482C8FFB1D00D2F954 /* Memeber.swift */; };
		A9615E4B2C9013EC00D2F954 /* Date+.swift in Sources */ = {isa = PBXBuildFile; fileRef = A9615E4A2C9013E700D2F954 /* Date+.swift */; };
		A9615E512C90209300D2F954 /* Language.swift in Sources */ = {isa = PBXBuildFile; fileRef = A9615E502C90208E00D2F954 /* Language.swift */; };
		A9615E5B2C90311C00D2F954 /* PlayTab.swift in Sources */ = {isa = PBXBuildFile; fileRef = A9615E5A2C90311400D2F954 /* PlayTab.swift */; };
		A9615E5D2C90328E00D2F954 /* TimeInterval.swift in Sources */ = {isa = PBXBuildFile; fileRef = A9615E5C2C90328700D2F954 /* TimeInterval.swift */; };
		A9615E5F2C90356E00D2F954 /* Speed.swift in Sources */ = {isa = PBXBuildFile; fileRef = A9615E5E2C90356B00D2F954 /* Speed.swift */; };
		A9615E622C9037A300D2F954 /* SpeedMenu.swift in Sources */ = {isa = PBXBuildFile; fileRef = A9615E612C90379E00D2F954 /* SpeedMenu.swift */; };
		A9615E642C90382A00D2F954 /* PinButton.swift in Sources */ = {isa = PBXBuildFile; fileRef = A9615E632C90382300D2F954 /* PinButton.swift */; };
		A9615E662C90388200D2F954 /* PlayTool.swift in Sources */ = {isa = PBXBuildFile; fileRef = A9615E652C90387400D2F954 /* PlayTool.swift */; };
		A96BB0B72C8EA74E00F49BD8 /* RecordView.swift in Sources */ = {isa = PBXBuildFile; fileRef = A96BB0B62C8EA74C00F49BD8 /* RecordView.swift */; };
		A96BB0BE2C8EB15C00F49BD8 /* SettingView.swift in Sources */ = {isa = PBXBuildFile; fileRef = A96BB0BD2C8EB15900F49BD8 /* SettingView.swift */; };
		A96BB0C22C8ED29600F49BD8 /* Note.swift in Sources */ = {isa = PBXBuildFile; fileRef = A96BB0C12C8ED29000F49BD8 /* Note.swift */; };
		A96BB0C82C8ED62500F49BD8 /* NoteDetail.swift in Sources */ = {isa = PBXBuildFile; fileRef = A96BB0C72C8ED61F00F49BD8 /* NoteDetail.swift */; };
		A96BB0CA2C8EDEB000F49BD8 /* Conversation.swift in Sources */ = {isa = PBXBuildFile; fileRef = A96BB0C92C8EDEAB00F49BD8 /* Conversation.swift */; };
		A96BB0CD2C8EE11800F49BD8 /* ConversationRow.swift in Sources */ = {isa = PBXBuildFile; fileRef = A96BB0CC2C8EE11300F49BD8 /* ConversationRow.swift */; };
		A96BB0D02C8EE26800F49BD8 /* ConversationDetailView.swift in Sources */ = {isa = PBXBuildFile; fileRef = A96BB0CF2C8EE26400F49BD8 /* ConversationDetailView.swift */; };
		A96BB0D32C8EEC8400F49BD8 /* NoteListRow.swift in Sources */ = {isa = PBXBuildFile; fileRef = A96BB0D22C8EEC7D00F49BD8 /* NoteListRow.swift */; };
		A9DA8CC72C8A9C3500D1141C /* CCRecorderApp.swift in Sources */ = {isa = PBXBuildFile; fileRef = A9DA8CC62C8A9C3500D1141C /* CCRecorderApp.swift */; };
		A9DA8CC92C8A9C3500D1141C /* ContentView.swift in Sources */ = {isa = PBXBuildFile; fileRef = A9DA8CC82C8A9C3500D1141C /* ContentView.swift */; };
		A9DA8CCB2C8A9C3500D1141C /* Item.swift in Sources */ = {isa = PBXBuildFile; fileRef = A9DA8CCA2C8A9C3500D1141C /* Item.swift */; };
		A9DA8CCD2C8A9C3600D1141C /* Assets.xcassets in Resources */ = {isa = PBXBuildFile; fileRef = A9DA8CCC2C8A9C3600D1141C /* Assets.xcassets */; };
		A9DA8CD02C8A9C3600D1141C /* Preview Assets.xcassets in Resources */ = {isa = PBXBuildFile; fileRef = A9DA8CCF2C8A9C3600D1141C /* Preview Assets.xcassets */; };
		A9DA8CDA2C8A9C3600D1141C /* CCRecorderTests.swift in Sources */ = {isa = PBXBuildFile; fileRef = A9DA8CD92C8A9C3600D1141C /* CCRecorderTests.swift */; };
		A9DA8CE42C8A9C3600D1141C /* CCRecorderUITests.swift in Sources */ = {isa = PBXBuildFile; fileRef = A9DA8CE32C8A9C3600D1141C /* CCRecorderUITests.swift */; };
		A9DA8CE62C8A9C3600D1141C /* CCRecorderUITestsLaunchTests.swift in Sources */ = {isa = PBXBuildFile; fileRef = A9DA8CE52C8A9C3600D1141C /* CCRecorderUITestsLaunchTests.swift */; };
		A9DA8D042C8A9EE200D1141C /* OnboardView.swift in Sources */ = {isa = PBXBuildFile; fileRef = A9DA8D032C8A9EE200D1141C /* OnboardView.swift */; };
		A9DA8D092C8A9FB100D1141C /* MainView.swift in Sources */ = {isa = PBXBuildFile; fileRef = A9DA8D082C8A9FB100D1141C /* MainView.swift */; };
/* End PBXBuildFile section */

/* Begin PBXContainerItemProxy section */
		A9DA8CD62C8A9C3600D1141C /* PBXContainerItemProxy */ = {
			isa = PBXContainerItemProxy;
			containerPortal = A9DA8CBB2C8A9C3500D1141C /* Project object */;
			proxyType = 1;
			remoteGlobalIDString = A9DA8CC22C8A9C3500D1141C;
			remoteInfo = CCRecorder;
		};
		A9DA8CE02C8A9C3600D1141C /* PBXContainerItemProxy */ = {
			isa = PBXContainerItemProxy;
			containerPortal = A9DA8CBB2C8A9C3500D1141C /* Project object */;
			proxyType = 1;
			remoteGlobalIDString = A9DA8CC22C8A9C3500D1141C;
			remoteInfo = CCRecorder;
		};
/* End PBXContainerItemProxy section */

/* Begin PBXFileReference section */
		A90805C42C8E876D005CF9FC /* ConversationListView.swift */ = {isa = PBXFileReference; lastKnownFileType = sourcecode.swift; path = ConversationListView.swift; sourceTree = "<group>"; };
		A90805C62C8E878B005CF9FC /* NoteList.swift */ = {isa = PBXFileReference; lastKnownFileType = sourcecode.swift; path = NoteList.swift; sourceTree = "<group>"; };
		A90805C92C8E894B005CF9FC /* MainTabbar.swift */ = {isa = PBXFileReference; lastKnownFileType = sourcecode.swift; path = MainTabbar.swift; sourceTree = "<group>"; };
		A90805CB2C8E9306005CF9FC /* Color+.swift */ = {isa = PBXFileReference; lastKnownFileType = sourcecode.swift; path = "Color+.swift"; sourceTree = "<group>"; };
		A94C40B12C8ACF22008E91C2 /* LaunchScreenView.swift */ = {isa = PBXFileReference; lastKnownFileType = sourcecode.swift; path = LaunchScreenView.swift; sourceTree = "<group>"; };
		A94C40B72C8AD1E4008E91C2 /* String+Key.swift */ = {isa = PBXFileReference; lastKnownFileType = sourcecode.swift; path = "String+Key.swift"; sourceTree = "<group>"; };
		A94C40BA2C8AD372008E91C2 /* RootView.swift */ = {isa = PBXFileReference; lastKnownFileType = sourcecode.swift; path = RootView.swift; sourceTree = "<group>"; };
		A94C40BC2C8ADCF3008E91C2 /* ViewCoordinator.swift */ = {isa = PBXFileReference; lastKnownFileType = sourcecode.swift; path = ViewCoordinator.swift; sourceTree = "<group>"; };
		A94C40BE2C8ADD3F008E91C2 /* Screen.swift */ = {isa = PBXFileReference; lastKnownFileType = sourcecode.swift; path = Screen.swift; sourceTree = "<group>"; };
		A9615E442C8FBC3000D2F954 /* VocabularyContent.swift */ = {isa = PBXFileReference; lastKnownFileType = sourcecode.swift; path = VocabularyContent.swift; sourceTree = "<group>"; };
		A9615E462C8FBCE800D2F954 /* SentenceContent.swift */ = {isa = PBXFileReference; lastKnownFileType = sourcecode.swift; path = SentenceContent.swift; sourceTree = "<group>"; };
		A9615E482C8FFB1D00D2F954 /* Memeber.swift */ = {isa = PBXFileReference; lastKnownFileType = sourcecode.swift; path = Memeber.swift; sourceTree = "<group>"; };
		A9615E4A2C9013E700D2F954 /* Date+.swift */ = {isa = PBXFileReference; lastKnownFileType = sourcecode.swift; path = "Date+.swift"; sourceTree = "<group>"; };
		A9615E502C90208E00D2F954 /* Language.swift */ = {isa = PBXFileReference; lastKnownFileType = sourcecode.swift; path = Language.swift; sourceTree = "<group>"; };
		A9615E5A2C90311400D2F954 /* PlayTab.swift */ = {isa = PBXFileReference; lastKnownFileType = sourcecode.swift; path = PlayTab.swift; sourceTree = "<group>"; };
		A9615E5C2C90328700D2F954 /* TimeInterval.swift */ = {isa = PBXFileReference; lastKnownFileType = sourcecode.swift; path = TimeInterval.swift; sourceTree = "<group>"; };
		A9615E5E2C90356B00D2F954 /* Speed.swift */ = {isa = PBXFileReference; lastKnownFileType = sourcecode.swift; path = Speed.swift; sourceTree = "<group>"; };
		A9615E612C90379E00D2F954 /* SpeedMenu.swift */ = {isa = PBXFileReference; lastKnownFileType = sourcecode.swift; path = SpeedMenu.swift; sourceTree = "<group>"; };
		A9615E632C90382300D2F954 /* PinButton.swift */ = {isa = PBXFileReference; lastKnownFileType = sourcecode.swift; path = PinButton.swift; sourceTree = "<group>"; };
		A9615E652C90387400D2F954 /* PlayTool.swift */ = {isa = PBXFileReference; lastKnownFileType = sourcecode.swift; path = PlayTool.swift; sourceTree = "<group>"; };
		A96BB0B62C8EA74C00F49BD8 /* RecordView.swift */ = {isa = PBXFileReference; lastKnownFileType = sourcecode.swift; path = RecordView.swift; sourceTree = "<group>"; };
		A96BB0BD2C8EB15900F49BD8 /* SettingView.swift */ = {isa = PBXFileReference; lastKnownFileType = sourcecode.swift; path = SettingView.swift; sourceTree = "<group>"; };
		A96BB0C12C8ED29000F49BD8 /* Note.swift */ = {isa = PBXFileReference; lastKnownFileType = sourcecode.swift; path = Note.swift; sourceTree = "<group>"; };
		A96BB0C72C8ED61F00F49BD8 /* NoteDetail.swift */ = {isa = PBXFileReference; lastKnownFileType = sourcecode.swift; path = NoteDetail.swift; sourceTree = "<group>"; };
		A96BB0C92C8EDEAB00F49BD8 /* Conversation.swift */ = {isa = PBXFileReference; lastKnownFileType = sourcecode.swift; path = Conversation.swift; sourceTree = "<group>"; };
		A96BB0CC2C8EE11300F49BD8 /* ConversationRow.swift */ = {isa = PBXFileReference; lastKnownFileType = sourcecode.swift; path = ConversationRow.swift; sourceTree = "<group>"; };
		A96BB0CF2C8EE26400F49BD8 /* ConversationDetailView.swift */ = {isa = PBXFileReference; lastKnownFileType = sourcecode.swift; path = ConversationDetailView.swift; sourceTree = "<group>"; };
		A96BB0D22C8EEC7D00F49BD8 /* NoteListRow.swift */ = {isa = PBXFileReference; lastKnownFileType = sourcecode.swift; path = NoteListRow.swift; sourceTree = "<group>"; };
		A9DA8CC32C8A9C3500D1141C /* CCRecorder.app */ = {isa = PBXFileReference; explicitFileType = wrapper.application; includeInIndex = 0; path = CCRecorder.app; sourceTree = BUILT_PRODUCTS_DIR; };
		A9DA8CC62C8A9C3500D1141C /* CCRecorderApp.swift */ = {isa = PBXFileReference; lastKnownFileType = sourcecode.swift; path = CCRecorderApp.swift; sourceTree = "<group>"; };
		A9DA8CC82C8A9C3500D1141C /* ContentView.swift */ = {isa = PBXFileReference; lastKnownFileType = sourcecode.swift; path = ContentView.swift; sourceTree = "<group>"; };
		A9DA8CCA2C8A9C3500D1141C /* Item.swift */ = {isa = PBXFileReference; lastKnownFileType = sourcecode.swift; path = Item.swift; sourceTree = "<group>"; };
		A9DA8CCC2C8A9C3600D1141C /* Assets.xcassets */ = {isa = PBXFileReference; lastKnownFileType = folder.assetcatalog; path = Assets.xcassets; sourceTree = "<group>"; };
		A9DA8CCF2C8A9C3600D1141C /* Preview Assets.xcassets */ = {isa = PBXFileReference; lastKnownFileType = folder.assetcatalog; path = "Preview Assets.xcassets"; sourceTree = "<group>"; };
		A9DA8CD52C8A9C3600D1141C /* CCRecorderTests.xctest */ = {isa = PBXFileReference; explicitFileType = wrapper.cfbundle; includeInIndex = 0; path = CCRecorderTests.xctest; sourceTree = BUILT_PRODUCTS_DIR; };
		A9DA8CD92C8A9C3600D1141C /* CCRecorderTests.swift */ = {isa = PBXFileReference; lastKnownFileType = sourcecode.swift; path = CCRecorderTests.swift; sourceTree = "<group>"; };
		A9DA8CDF2C8A9C3600D1141C /* CCRecorderUITests.xctest */ = {isa = PBXFileReference; explicitFileType = wrapper.cfbundle; includeInIndex = 0; path = CCRecorderUITests.xctest; sourceTree = BUILT_PRODUCTS_DIR; };
		A9DA8CE32C8A9C3600D1141C /* CCRecorderUITests.swift */ = {isa = PBXFileReference; lastKnownFileType = sourcecode.swift; path = CCRecorderUITests.swift; sourceTree = "<group>"; };
		A9DA8CE52C8A9C3600D1141C /* CCRecorderUITestsLaunchTests.swift */ = {isa = PBXFileReference; lastKnownFileType = sourcecode.swift; path = CCRecorderUITestsLaunchTests.swift; sourceTree = "<group>"; };
		A9DA8D032C8A9EE200D1141C /* OnboardView.swift */ = {isa = PBXFileReference; lastKnownFileType = sourcecode.swift; path = OnboardView.swift; sourceTree = "<group>"; };
		A9DA8D082C8A9FB100D1141C /* MainView.swift */ = {isa = PBXFileReference; lastKnownFileType = sourcecode.swift; path = MainView.swift; sourceTree = "<group>"; };
/* End PBXFileReference section */

/* Begin PBXFrameworksBuildPhase section */
		A9DA8CC02C8A9C3500D1141C /* Frameworks */ = {
			isa = PBXFrameworksBuildPhase;
			buildActionMask = 2147483647;
			files = (
			);
			runOnlyForDeploymentPostprocessing = 0;
		};
		A9DA8CD22C8A9C3600D1141C /* Frameworks */ = {
			isa = PBXFrameworksBuildPhase;
			buildActionMask = 2147483647;
			files = (
			);
			runOnlyForDeploymentPostprocessing = 0;
		};
		A9DA8CDC2C8A9C3600D1141C /* Frameworks */ = {
			isa = PBXFrameworksBuildPhase;
			buildActionMask = 2147483647;
			files = (
			);
			runOnlyForDeploymentPostprocessing = 0;
		};
/* End PBXFrameworksBuildPhase section */

/* Begin PBXGroup section */
		A90805C22C8E874A005CF9FC /* Conversation */ = {
			isa = PBXGroup;
			children = (
				A90805C42C8E876D005CF9FC /* ConversationListView.swift */,
				A96BB0CB2C8EE10700F49BD8 /* Subview */,
			);
			path = Conversation;
			sourceTree = "<group>";
		};
		A90805C32C8E875E005CF9FC /* Note */ = {
			isa = PBXGroup;
			children = (
				A90805C62C8E878B005CF9FC /* NoteList.swift */,
				A96BB0D12C8EEC7800F49BD8 /* Subview */,
				A96BB0C62C8ED61600F49BD8 /* NoteDetail */,
			);
			path = Note;
			sourceTree = "<group>";
		};
		A90805C82C8E8947005CF9FC /* Subview */ = {
			isa = PBXGroup;
			children = (
				A90805C92C8E894B005CF9FC /* MainTabbar.swift */,
			);
			path = Subview;
			sourceTree = "<group>";
		};
		A94C40AF2C8ACDD9008E91C2 /* Subview */ = {
			isa = PBXGroup;
			children = (
			);
			path = Subview;
			sourceTree = "<group>";
		};
		A94C40B02C8ACEE1008E91C2 /* LaunchScreen */ = {
			isa = PBXGroup;
			children = (
				A94C40B12C8ACF22008E91C2 /* LaunchScreenView.swift */,
			);
			path = LaunchScreen;
			sourceTree = "<group>";
		};
		A94C40B62C8AD1D8008E91C2 /* Common */ = {
			isa = PBXGroup;
			children = (
			);
			path = Common;
			sourceTree = "<group>";
		};
		A94C40B92C8AD366008E91C2 /* Root */ = {
			isa = PBXGroup;
			children = (
				A94C40BA2C8AD372008E91C2 /* RootView.swift */,
			);
			path = Root;
			sourceTree = "<group>";
		};
		A9615E432C8FBC2B00D2F954 /* Subview */ = {
			isa = PBXGroup;
			children = (
				A9615E442C8FBC3000D2F954 /* VocabularyContent.swift */,
				A9615E462C8FBCE800D2F954 /* SentenceContent.swift */,
			);
			path = Subview;
			sourceTree = "<group>";
		};
		A9615E4C2C901FA100D2F954 /* Model */ = {
			isa = PBXGroup;
			children = (
				A96BB0C92C8EDEAB00F49BD8 /* Conversation.swift */,
				A96BB0C12C8ED29000F49BD8 /* Note.swift */,
				A9615E482C8FFB1D00D2F954 /* Memeber.swift */,
			);
			path = Model;
			sourceTree = "<group>";
		};
		A9615E4D2C901FAB00D2F954 /* Enum */ = {
			isa = PBXGroup;
			children = (
				A9615E5E2C90356B00D2F954 /* Speed.swift */,
				A9615E502C90208E00D2F954 /* Language.swift */,
			);
			path = Enum;
			sourceTree = "<group>";
		};
		A9615E522C9021C400D2F954 /* Extension */ = {
			isa = PBXGroup;
			children = (
				A9615E5C2C90328700D2F954 /* TimeInterval.swift */,
				A9615E4A2C9013E700D2F954 /* Date+.swift */,
				A90805CB2C8E9306005CF9FC /* Color+.swift */,
				A94C40B72C8AD1E4008E91C2 /* String+Key.swift */,
			);
			path = Extension;
			sourceTree = "<group>";
		};
		A9615E592C90310B00D2F954 /* Subview */ = {
			isa = PBXGroup;
			children = (
				A9615E5A2C90311400D2F954 /* PlayTab.swift */,
				A9615E602C90361F00D2F954 /* Subview */,
			);
			path = Subview;
			sourceTree = "<group>";
		};
		A9615E602C90361F00D2F954 /* Subview */ = {
			isa = PBXGroup;
			children = (
				A9615E612C90379E00D2F954 /* SpeedMenu.swift */,
				A9615E632C90382300D2F954 /* PinButton.swift */,
				A9615E652C90387400D2F954 /* PlayTool.swift */,
			);
			path = Subview;
			sourceTree = "<group>";
		};
		A96BB0B52C8EA73D00F49BD8 /* Record */ = {
			isa = PBXGroup;
			children = (
				A96BB0B62C8EA74C00F49BD8 /* RecordView.swift */,
			);
			path = Record;
			sourceTree = "<group>";
		};
		A96BB0B82C8EB03D00F49BD8 /* UserInterface */ = {
			isa = PBXGroup;
			children = (
				A9DA8D002C8A9EA700D1141C /* Screens */,
				A9DA8D022C8A9EBA00D1141C /* Entity */,
				A9DA8D012C8A9EB300D1141C /* Utils */,
			);
			path = UserInterface;
			sourceTree = "<group>";
		};
		A96BB0BC2C8EB15000F49BD8 /* Setting */ = {
			isa = PBXGroup;
			children = (
				A96BB0BD2C8EB15900F49BD8 /* SettingView.swift */,
			);
			path = Setting;
			sourceTree = "<group>";
		};
		A96BB0C62C8ED61600F49BD8 /* NoteDetail */ = {
			isa = PBXGroup;
			children = (
				A96BB0C72C8ED61F00F49BD8 /* NoteDetail.swift */,
				A9615E432C8FBC2B00D2F954 /* Subview */,
			);
			path = NoteDetail;
			sourceTree = "<group>";
		};
		A96BB0CB2C8EE10700F49BD8 /* Subview */ = {
			isa = PBXGroup;
			children = (
				A96BB0CC2C8EE11300F49BD8 /* ConversationRow.swift */,
			);
			path = Subview;
			sourceTree = "<group>";
		};
		A96BB0CE2C8EE25400F49BD8 /* ConversationDetail */ = {
			isa = PBXGroup;
			children = (
				A96BB0CF2C8EE26400F49BD8 /* ConversationDetailView.swift */,
				A9615E592C90310B00D2F954 /* Subview */,
			);
			path = ConversationDetail;
			sourceTree = "<group>";
		};
		A9DA8CBA2C8A9C3500D1141C = {
			isa = PBXGroup;
			children = (
				A9DA8CC52C8A9C3500D1141C /* CCRecorder */,
				A9DA8CD82C8A9C3600D1141C /* CCRecorderTests */,
				A9DA8CE22C8A9C3600D1141C /* CCRecorderUITests */,
				A9DA8CC42C8A9C3500D1141C /* Products */,
			);
			sourceTree = "<group>";
		};
		A9DA8CC42C8A9C3500D1141C /* Products */ = {
			isa = PBXGroup;
			children = (
				A9DA8CC32C8A9C3500D1141C /* CCRecorder.app */,
				A9DA8CD52C8A9C3600D1141C /* CCRecorderTests.xctest */,
				A9DA8CDF2C8A9C3600D1141C /* CCRecorderUITests.xctest */,
			);
			name = Products;
			sourceTree = "<group>";
		};
		A9DA8CC52C8A9C3500D1141C /* CCRecorder */ = {
			isa = PBXGroup;
			children = (
				A9DA8CFE2C8A9CD900D1141C /* Sources */,
				A9DA8CFF2C8A9CE400D1141C /* Resources */,
			);
			path = CCRecorder;
			sourceTree = "<group>";
		};
		A9DA8CCE2C8A9C3600D1141C /* Preview Content */ = {
			isa = PBXGroup;
			children = (
				A9DA8CCF2C8A9C3600D1141C /* Preview Assets.xcassets */,
			);
			path = "Preview Content";
			sourceTree = "<group>";
		};
		A9DA8CD82C8A9C3600D1141C /* CCRecorderTests */ = {
			isa = PBXGroup;
			children = (
				A9DA8CD92C8A9C3600D1141C /* CCRecorderTests.swift */,
			);
			path = CCRecorderTests;
			sourceTree = "<group>";
		};
		A9DA8CE22C8A9C3600D1141C /* CCRecorderUITests */ = {
			isa = PBXGroup;
			children = (
				A9DA8CE32C8A9C3600D1141C /* CCRecorderUITests.swift */,
				A9DA8CE52C8A9C3600D1141C /* CCRecorderUITestsLaunchTests.swift */,
			);
			path = CCRecorderUITests;
			sourceTree = "<group>";
		};
		A9DA8CFE2C8A9CD900D1141C /* Sources */ = {
			isa = PBXGroup;
			children = (
				A9DA8D072C8A9F9A00D1141C /* init */,
				A9DA8CC62C8A9C3500D1141C /* CCRecorderApp.swift */,
				A94C40B62C8AD1D8008E91C2 /* Common */,
				A96BB0B82C8EB03D00F49BD8 /* UserInterface */,
			);
			path = Sources;
			sourceTree = "<group>";
		};
		A9DA8CFF2C8A9CE400D1141C /* Resources */ = {
			isa = PBXGroup;
			children = (
				A9DA8CCC2C8A9C3600D1141C /* Assets.xcassets */,
				A9DA8CCE2C8A9C3600D1141C /* Preview Content */,
			);
			path = Resources;
			sourceTree = "<group>";
		};
		A9DA8D002C8A9EA700D1141C /* Screens */ = {
			isa = PBXGroup;
			children = (
				A94C40BC2C8ADCF3008E91C2 /* ViewCoordinator.swift */,
				A94C40BE2C8ADD3F008E91C2 /* Screen.swift */,
				A9615E692C91199C00D2F954 /* Common Subview */,
				A94C40B02C8ACEE1008E91C2 /* LaunchScreen */,
				A9DA8D052C8A9EE700D1141C /* Onboard */,
				A94C40B92C8AD366008E91C2 /* Root */,
				A9DA8D062C8A9EF000D1141C /* Main */,
				A96BB0CE2C8EE25400F49BD8 /* ConversationDetail */,
				A96BB0BC2C8EB15000F49BD8 /* Setting */,
			);
			path = Screens;
			sourceTree = "<group>";
		};
		A9DA8D012C8A9EB300D1141C /* Utils */ = {
			isa = PBXGroup;
			children = (
				A9615E522C9021C400D2F954 /* Extension */,
			);
			path = Utils;
			sourceTree = "<group>";
		};
		A9DA8D022C8A9EBA00D1141C /* Entity */ = {
			isa = PBXGroup;
			children = (
				A9615E4D2C901FAB00D2F954 /* Enum */,
				A9615E4C2C901FA100D2F954 /* Model */,
			);
			path = Entity;
			sourceTree = "<group>";
		};
		A9DA8D052C8A9EE700D1141C /* Onboard */ = {
			isa = PBXGroup;
			children = (
				A9DA8D032C8A9EE200D1141C /* OnboardView.swift */,
				A94C40AF2C8ACDD9008E91C2 /* Subview */,
			);
			path = Onboard;
			sourceTree = "<group>";
		};
		A9DA8D062C8A9EF000D1141C /* Main */ = {
			isa = PBXGroup;
			children = (
				A9DA8D082C8A9FB100D1141C /* MainView.swift */,
				A90805C82C8E8947005CF9FC /* Subview */,
				A90805C22C8E874A005CF9FC /* Conversation */,
				A90805C32C8E875E005CF9FC /* Note */,
				A96BB0B52C8EA73D00F49BD8 /* Record */,
			);
			path = Main;
			sourceTree = "<group>";
		};
		A9DA8D072C8A9F9A00D1141C /* init */ = {
			isa = PBXGroup;
			children = (
				A9DA8CC82C8A9C3500D1141C /* ContentView.swift */,
				A9DA8CCA2C8A9C3500D1141C /* Item.swift */,
			);
			path = init;
			sourceTree = "<group>";
		};
/* End PBXGroup section */

/* Begin PBXNativeTarget section */
		A9DA8CC22C8A9C3500D1141C /* CCRecorder */ = {
			isa = PBXNativeTarget;
			buildConfigurationList = A9DA8CE92C8A9C3600D1141C /* Build configuration list for PBXNativeTarget "CCRecorder" */;
			buildPhases = (
				A9DA8CBF2C8A9C3500D1141C /* Sources */,
				A9DA8CC02C8A9C3500D1141C /* Frameworks */,
				A9DA8CC12C8A9C3500D1141C /* Resources */,
			);
			buildRules = (
			);
			dependencies = (
			);
			name = CCRecorder;
			productName = CCRecorder;
			productReference = A9DA8CC32C8A9C3500D1141C /* CCRecorder.app */;
			productType = "com.apple.product-type.application";
		};
		A9DA8CD42C8A9C3600D1141C /* CCRecorderTests */ = {
			isa = PBXNativeTarget;
			buildConfigurationList = A9DA8CEC2C8A9C3600D1141C /* Build configuration list for PBXNativeTarget "CCRecorderTests" */;
			buildPhases = (
				A9DA8CD12C8A9C3600D1141C /* Sources */,
				A9DA8CD22C8A9C3600D1141C /* Frameworks */,
				A9DA8CD32C8A9C3600D1141C /* Resources */,
			);
			buildRules = (
			);
			dependencies = (
				A9DA8CD72C8A9C3600D1141C /* PBXTargetDependency */,
			);
			name = CCRecorderTests;
			productName = CCRecorderTests;
			productReference = A9DA8CD52C8A9C3600D1141C /* CCRecorderTests.xctest */;
			productType = "com.apple.product-type.bundle.unit-test";
		};
		A9DA8CDE2C8A9C3600D1141C /* CCRecorderUITests */ = {
			isa = PBXNativeTarget;
			buildConfigurationList = A9DA8CEF2C8A9C3600D1141C /* Build configuration list for PBXNativeTarget "CCRecorderUITests" */;
			buildPhases = (
				A9DA8CDB2C8A9C3600D1141C /* Sources */,
				A9DA8CDC2C8A9C3600D1141C /* Frameworks */,
				A9DA8CDD2C8A9C3600D1141C /* Resources */,
			);
			buildRules = (
			);
			dependencies = (
				A9DA8CE12C8A9C3600D1141C /* PBXTargetDependency */,
			);
			name = CCRecorderUITests;
			productName = CCRecorderUITests;
			productReference = A9DA8CDF2C8A9C3600D1141C /* CCRecorderUITests.xctest */;
			productType = "com.apple.product-type.bundle.ui-testing";
		};
/* End PBXNativeTarget section */

/* Begin PBXProject section */
		A9DA8CBB2C8A9C3500D1141C /* Project object */ = {
			isa = PBXProject;
			attributes = {
				BuildIndependentTargetsInParallel = 1;
				LastSwiftUpdateCheck = 1540;
				LastUpgradeCheck = 1540;
				TargetAttributes = {
					A9DA8CC22C8A9C3500D1141C = {
						CreatedOnToolsVersion = 15.4;
					};
					A9DA8CD42C8A9C3600D1141C = {
						CreatedOnToolsVersion = 15.4;
						TestTargetID = A9DA8CC22C8A9C3500D1141C;
					};
					A9DA8CDE2C8A9C3600D1141C = {
						CreatedOnToolsVersion = 15.4;
						TestTargetID = A9DA8CC22C8A9C3500D1141C;
					};
				};
			};
			buildConfigurationList = A9DA8CBE2C8A9C3500D1141C /* Build configuration list for PBXProject "CCRecorder" */;
			compatibilityVersion = "Xcode 14.0";
			developmentRegion = en;
			hasScannedForEncodings = 0;
			knownRegions = (
				en,
			);
			mainGroup = A9DA8CBA2C8A9C3500D1141C;
			productRefGroup = A9DA8CC42C8A9C3500D1141C /* Products */;
			projectDirPath = "";
			projectRoot = "";
			targets = (
				A9DA8CC22C8A9C3500D1141C /* CCRecorder */,
				A9DA8CD42C8A9C3600D1141C /* CCRecorderTests */,
				A9DA8CDE2C8A9C3600D1141C /* CCRecorderUITests */,
			);
		};
/* End PBXProject section */

/* Begin PBXResourcesBuildPhase section */
		A9DA8CC12C8A9C3500D1141C /* Resources */ = {
			isa = PBXResourcesBuildPhase;
			buildActionMask = 2147483647;
			files = (
				A9DA8CD02C8A9C3600D1141C /* Preview Assets.xcassets in Resources */,
				A9DA8CCD2C8A9C3600D1141C /* Assets.xcassets in Resources */,
			);
			runOnlyForDeploymentPostprocessing = 0;
		};
		A9DA8CD32C8A9C3600D1141C /* Resources */ = {
			isa = PBXResourcesBuildPhase;
			buildActionMask = 2147483647;
			files = (
			);
			runOnlyForDeploymentPostprocessing = 0;
		};
		A9DA8CDD2C8A9C3600D1141C /* Resources */ = {
			isa = PBXResourcesBuildPhase;
			buildActionMask = 2147483647;
			files = (
			);
			runOnlyForDeploymentPostprocessing = 0;
		};
/* End PBXResourcesBuildPhase section */

/* Begin PBXSourcesBuildPhase section */
		A9DA8CBF2C8A9C3500D1141C /* Sources */ = {
			isa = PBXSourcesBuildPhase;
			buildActionMask = 2147483647;
			files = (
				A94C40BB2C8AD372008E91C2 /* RootView.swift in Sources */,
				A9615E5D2C90328E00D2F954 /* TimeInterval.swift in Sources */,
				A9615E452C8FBC7E00D2F954 /* VocabularyContent.swift in Sources */,
				A9DA8D042C8A9EE200D1141C /* OnboardView.swift in Sources */,
				A96BB0B72C8EA74E00F49BD8 /* RecordView.swift in Sources */,
				A9615E5F2C90356E00D2F954 /* Speed.swift in Sources */,
				A96BB0CD2C8EE11800F49BD8 /* ConversationRow.swift in Sources */,
				A9615E642C90382A00D2F954 /* PinButton.swift in Sources */,
				A90805C72C8E878E005CF9FC /* NoteList.swift in Sources */,
				A9615E5B2C90311C00D2F954 /* PlayTab.swift in Sources */,
				A96BB0C22C8ED29600F49BD8 /* Note.swift in Sources */,
				A9DA8CC92C8A9C3500D1141C /* ContentView.swift in Sources */,
				A9615E472C8FBCEE00D2F954 /* SentenceContent.swift in Sources */,
				A96BB0BE2C8EB15C00F49BD8 /* SettingView.swift in Sources */,
				A9615E492C8FFB2000D2F954 /* Memeber.swift in Sources */,
				A9615E662C90388200D2F954 /* PlayTool.swift in Sources */,
				A9DA8CCB2C8A9C3500D1141C /* Item.swift in Sources */,
				A94C40BD2C8ADCF3008E91C2 /* ViewCoordinator.swift in Sources */,
				A9615E622C9037A300D2F954 /* SpeedMenu.swift in Sources */,
				A9615E4B2C9013EC00D2F954 /* Date+.swift in Sources */,
				A96BB0D32C8EEC8400F49BD8 /* NoteListRow.swift in Sources */,
				A94C40BF2C8ADD3F008E91C2 /* Screen.swift in Sources */,
				A96BB0CA2C8EDEB000F49BD8 /* Conversation.swift in Sources */,
				A90805CC2C8E930A005CF9FC /* Color+.swift in Sources */,
				A9DA8D092C8A9FB100D1141C /* MainView.swift in Sources */,
				A90805CA2C8E8952005CF9FC /* MainTabbar.swift in Sources */,
				A9DA8CC72C8A9C3500D1141C /* CCRecorderApp.swift in Sources */,
				A9615E512C90209300D2F954 /* Language.swift in Sources */,
				A94C40B82C8AD1E4008E91C2 /* String+Key.swift in Sources */,
				A90805C52C8E8772005CF9FC /* ConversationListView.swift in Sources */,
				A96BB0D02C8EE26800F49BD8 /* ConversationDetailView.swift in Sources */,
				A96BB0C82C8ED62500F49BD8 /* NoteDetail.swift in Sources */,
				A94C40B22C8ACF22008E91C2 /* LaunchScreenView.swift in Sources */,
			);
			runOnlyForDeploymentPostprocessing = 0;
		};
		A9DA8CD12C8A9C3600D1141C /* Sources */ = {
			isa = PBXSourcesBuildPhase;
			buildActionMask = 2147483647;
			files = (
				A9DA8CDA2C8A9C3600D1141C /* CCRecorderTests.swift in Sources */,
			);
			runOnlyForDeploymentPostprocessing = 0;
		};
		A9DA8CDB2C8A9C3600D1141C /* Sources */ = {
			isa = PBXSourcesBuildPhase;
			buildActionMask = 2147483647;
			files = (
				A9DA8CE62C8A9C3600D1141C /* CCRecorderUITestsLaunchTests.swift in Sources */,
				A9DA8CE42C8A9C3600D1141C /* CCRecorderUITests.swift in Sources */,
			);
			runOnlyForDeploymentPostprocessing = 0;
		};
/* End PBXSourcesBuildPhase section */

/* Begin PBXTargetDependency section */
		A9DA8CD72C8A9C3600D1141C /* PBXTargetDependency */ = {
			isa = PBXTargetDependency;
			target = A9DA8CC22C8A9C3500D1141C /* CCRecorder */;
			targetProxy = A9DA8CD62C8A9C3600D1141C /* PBXContainerItemProxy */;
		};
		A9DA8CE12C8A9C3600D1141C /* PBXTargetDependency */ = {
			isa = PBXTargetDependency;
			target = A9DA8CC22C8A9C3500D1141C /* CCRecorder */;
			targetProxy = A9DA8CE02C8A9C3600D1141C /* PBXContainerItemProxy */;
		};
/* End PBXTargetDependency section */

/* Begin XCBuildConfiguration section */
		A9DA8CE72C8A9C3600D1141C /* Debug */ = {
			isa = XCBuildConfiguration;
			buildSettings = {
				ALWAYS_SEARCH_USER_PATHS = NO;
				ASSETCATALOG_COMPILER_GENERATE_SWIFT_ASSET_SYMBOL_EXTENSIONS = YES;
				CLANG_ANALYZER_NONNULL = YES;
				CLANG_ANALYZER_NUMBER_OBJECT_CONVERSION = YES_AGGRESSIVE;
				CLANG_CXX_LANGUAGE_STANDARD = "gnu++20";
				CLANG_ENABLE_MODULES = YES;
				CLANG_ENABLE_OBJC_ARC = YES;
				CLANG_ENABLE_OBJC_WEAK = YES;
				CLANG_WARN_BLOCK_CAPTURE_AUTORELEASING = YES;
				CLANG_WARN_BOOL_CONVERSION = YES;
				CLANG_WARN_COMMA = YES;
				CLANG_WARN_CONSTANT_CONVERSION = YES;
				CLANG_WARN_DEPRECATED_OBJC_IMPLEMENTATIONS = YES;
				CLANG_WARN_DIRECT_OBJC_ISA_USAGE = YES_ERROR;
				CLANG_WARN_DOCUMENTATION_COMMENTS = YES;
				CLANG_WARN_EMPTY_BODY = YES;
				CLANG_WARN_ENUM_CONVERSION = YES;
				CLANG_WARN_INFINITE_RECURSION = YES;
				CLANG_WARN_INT_CONVERSION = YES;
				CLANG_WARN_NON_LITERAL_NULL_CONVERSION = YES;
				CLANG_WARN_OBJC_IMPLICIT_RETAIN_SELF = YES;
				CLANG_WARN_OBJC_LITERAL_CONVERSION = YES;
				CLANG_WARN_OBJC_ROOT_CLASS = YES_ERROR;
				CLANG_WARN_QUOTED_INCLUDE_IN_FRAMEWORK_HEADER = YES;
				CLANG_WARN_RANGE_LOOP_ANALYSIS = YES;
				CLANG_WARN_STRICT_PROTOTYPES = YES;
				CLANG_WARN_SUSPICIOUS_MOVE = YES;
				CLANG_WARN_UNGUARDED_AVAILABILITY = YES_AGGRESSIVE;
				CLANG_WARN_UNREACHABLE_CODE = YES;
				CLANG_WARN__DUPLICATE_METHOD_MATCH = YES;
				COPY_PHASE_STRIP = NO;
				DEBUG_INFORMATION_FORMAT = dwarf;
				ENABLE_STRICT_OBJC_MSGSEND = YES;
				ENABLE_TESTABILITY = YES;
				ENABLE_USER_SCRIPT_SANDBOXING = YES;
				GCC_C_LANGUAGE_STANDARD = gnu17;
				GCC_DYNAMIC_NO_PIC = NO;
				GCC_NO_COMMON_BLOCKS = YES;
				GCC_OPTIMIZATION_LEVEL = 0;
				GCC_PREPROCESSOR_DEFINITIONS = (
					"DEBUG=1",
					"$(inherited)",
				);
				GCC_WARN_64_TO_32_BIT_CONVERSION = YES;
				GCC_WARN_ABOUT_RETURN_TYPE = YES_ERROR;
				GCC_WARN_UNDECLARED_SELECTOR = YES;
				GCC_WARN_UNINITIALIZED_AUTOS = YES_AGGRESSIVE;
				GCC_WARN_UNUSED_FUNCTION = YES;
				GCC_WARN_UNUSED_VARIABLE = YES;
				IPHONEOS_DEPLOYMENT_TARGET = 17.5;
				LOCALIZATION_PREFERS_STRING_CATALOGS = YES;
				MTL_ENABLE_DEBUG_INFO = INCLUDE_SOURCE;
				MTL_FAST_MATH = YES;
				ONLY_ACTIVE_ARCH = YES;
				SDKROOT = iphoneos;
				SWIFT_ACTIVE_COMPILATION_CONDITIONS = "DEBUG $(inherited)";
				SWIFT_OPTIMIZATION_LEVEL = "-Onone";
			};
			name = Debug;
		};
		A9DA8CE82C8A9C3600D1141C /* Release */ = {
			isa = XCBuildConfiguration;
			buildSettings = {
				ALWAYS_SEARCH_USER_PATHS = NO;
				ASSETCATALOG_COMPILER_GENERATE_SWIFT_ASSET_SYMBOL_EXTENSIONS = YES;
				CLANG_ANALYZER_NONNULL = YES;
				CLANG_ANALYZER_NUMBER_OBJECT_CONVERSION = YES_AGGRESSIVE;
				CLANG_CXX_LANGUAGE_STANDARD = "gnu++20";
				CLANG_ENABLE_MODULES = YES;
				CLANG_ENABLE_OBJC_ARC = YES;
				CLANG_ENABLE_OBJC_WEAK = YES;
				CLANG_WARN_BLOCK_CAPTURE_AUTORELEASING = YES;
				CLANG_WARN_BOOL_CONVERSION = YES;
				CLANG_WARN_COMMA = YES;
				CLANG_WARN_CONSTANT_CONVERSION = YES;
				CLANG_WARN_DEPRECATED_OBJC_IMPLEMENTATIONS = YES;
				CLANG_WARN_DIRECT_OBJC_ISA_USAGE = YES_ERROR;
				CLANG_WARN_DOCUMENTATION_COMMENTS = YES;
				CLANG_WARN_EMPTY_BODY = YES;
				CLANG_WARN_ENUM_CONVERSION = YES;
				CLANG_WARN_INFINITE_RECURSION = YES;
				CLANG_WARN_INT_CONVERSION = YES;
				CLANG_WARN_NON_LITERAL_NULL_CONVERSION = YES;
				CLANG_WARN_OBJC_IMPLICIT_RETAIN_SELF = YES;
				CLANG_WARN_OBJC_LITERAL_CONVERSION = YES;
				CLANG_WARN_OBJC_ROOT_CLASS = YES_ERROR;
				CLANG_WARN_QUOTED_INCLUDE_IN_FRAMEWORK_HEADER = YES;
				CLANG_WARN_RANGE_LOOP_ANALYSIS = YES;
				CLANG_WARN_STRICT_PROTOTYPES = YES;
				CLANG_WARN_SUSPICIOUS_MOVE = YES;
				CLANG_WARN_UNGUARDED_AVAILABILITY = YES_AGGRESSIVE;
				CLANG_WARN_UNREACHABLE_CODE = YES;
				CLANG_WARN__DUPLICATE_METHOD_MATCH = YES;
				COPY_PHASE_STRIP = NO;
				DEBUG_INFORMATION_FORMAT = "dwarf-with-dsym";
				ENABLE_NS_ASSERTIONS = NO;
				ENABLE_STRICT_OBJC_MSGSEND = YES;
				ENABLE_USER_SCRIPT_SANDBOXING = YES;
				GCC_C_LANGUAGE_STANDARD = gnu17;
				GCC_NO_COMMON_BLOCKS = YES;
				GCC_WARN_64_TO_32_BIT_CONVERSION = YES;
				GCC_WARN_ABOUT_RETURN_TYPE = YES_ERROR;
				GCC_WARN_UNDECLARED_SELECTOR = YES;
				GCC_WARN_UNINITIALIZED_AUTOS = YES_AGGRESSIVE;
				GCC_WARN_UNUSED_FUNCTION = YES;
				GCC_WARN_UNUSED_VARIABLE = YES;
				IPHONEOS_DEPLOYMENT_TARGET = 17.5;
				LOCALIZATION_PREFERS_STRING_CATALOGS = YES;
				MTL_ENABLE_DEBUG_INFO = NO;
				MTL_FAST_MATH = YES;
				SDKROOT = iphoneos;
				SWIFT_COMPILATION_MODE = wholemodule;
				VALIDATE_PRODUCT = YES;
			};
			name = Release;
		};
		A9DA8CEA2C8A9C3600D1141C /* Debug */ = {
			isa = XCBuildConfiguration;
			buildSettings = {
				ASSETCATALOG_COMPILER_APPICON_NAME = AppIcon;
				ASSETCATALOG_COMPILER_GLOBAL_ACCENT_COLOR_NAME = AccentColor;
				CODE_SIGN_STYLE = Automatic;
				CURRENT_PROJECT_VERSION = 1;
				DEVELOPMENT_ASSET_PATHS = "\"CCRecorder/Resources/Preview Content\"";
				DEVELOPMENT_TEAM = 9486RJPBM5;
				ENABLE_PREVIEWS = YES;
				GENERATE_INFOPLIST_FILE = YES;
				INFOPLIST_KEY_CFBundleDisplayName = "Casual Conversation";
				INFOPLIST_KEY_LSApplicationCategoryType = "public.app-category.productivity";
				INFOPLIST_KEY_UIApplicationSceneManifest_Generation = YES;
				INFOPLIST_KEY_UIApplicationSupportsIndirectInputEvents = YES;
				INFOPLIST_KEY_UILaunchScreen_Generation = YES;
				INFOPLIST_KEY_UIStatusBarStyle = "";
				INFOPLIST_KEY_UISupportedInterfaceOrientations = UIInterfaceOrientationPortrait;
				INFOPLIST_KEY_UISupportedInterfaceOrientations_iPad = "UIInterfaceOrientationLandscapeLeft UIInterfaceOrientationLandscapeRight UIInterfaceOrientationPortrait";
				IPHONEOS_DEPLOYMENT_TARGET = 18.0;
				LD_RUNPATH_SEARCH_PATHS = (
					"$(inherited)",
					"@executable_path/Frameworks",
				);
				MARKETING_VERSION = 1.0;
				PRODUCT_BUNDLE_IDENTIFIER = com.pseapplications.ccrecorder.CCRecorder;
				PRODUCT_NAME = "$(TARGET_NAME)";
				SWIFT_EMIT_LOC_STRINGS = YES;
				SWIFT_VERSION = 5.0;
				TARGETED_DEVICE_FAMILY = "1,2";
			};
			name = Debug;
		};
		A9DA8CEB2C8A9C3600D1141C /* Release */ = {
			isa = XCBuildConfiguration;
			buildSettings = {
				ASSETCATALOG_COMPILER_APPICON_NAME = AppIcon;
				ASSETCATALOG_COMPILER_GLOBAL_ACCENT_COLOR_NAME = AccentColor;
				CODE_SIGN_STYLE = Automatic;
				CURRENT_PROJECT_VERSION = 1;
				DEVELOPMENT_ASSET_PATHS = "\"CCRecorder/Resources/Preview Content\"";
				DEVELOPMENT_TEAM = 9486RJPBM5;
				ENABLE_PREVIEWS = YES;
				GENERATE_INFOPLIST_FILE = YES;
				INFOPLIST_KEY_CFBundleDisplayName = "Casual Conversation";
				INFOPLIST_KEY_LSApplicationCategoryType = "public.app-category.productivity";
				INFOPLIST_KEY_UIApplicationSceneManifest_Generation = YES;
				INFOPLIST_KEY_UIApplicationSupportsIndirectInputEvents = YES;
				INFOPLIST_KEY_UILaunchScreen_Generation = YES;
				INFOPLIST_KEY_UIStatusBarStyle = "";
				INFOPLIST_KEY_UISupportedInterfaceOrientations = UIInterfaceOrientationPortrait;
				INFOPLIST_KEY_UISupportedInterfaceOrientations_iPad = "UIInterfaceOrientationLandscapeLeft UIInterfaceOrientationLandscapeRight UIInterfaceOrientationPortrait";
				IPHONEOS_DEPLOYMENT_TARGET = 18.0;
				LD_RUNPATH_SEARCH_PATHS = (
					"$(inherited)",
					"@executable_path/Frameworks",
				);
				MARKETING_VERSION = 1.0;
				PRODUCT_BUNDLE_IDENTIFIER = com.pseapplications.ccrecorder.CCRecorder;
				PRODUCT_NAME = "$(TARGET_NAME)";
				SWIFT_EMIT_LOC_STRINGS = YES;
				SWIFT_VERSION = 5.0;
				TARGETED_DEVICE_FAMILY = "1,2";
			};
			name = Release;
		};
		A9DA8CED2C8A9C3600D1141C /* Debug */ = {
			isa = XCBuildConfiguration;
			buildSettings = {
				ALWAYS_EMBED_SWIFT_STANDARD_LIBRARIES = YES;
				BUNDLE_LOADER = "$(TEST_HOST)";
				CODE_SIGN_STYLE = Automatic;
				CURRENT_PROJECT_VERSION = 1;
				DEVELOPMENT_TEAM = 9486RJPBM5;
				GENERATE_INFOPLIST_FILE = YES;
				IPHONEOS_DEPLOYMENT_TARGET = 17.5;
				MARKETING_VERSION = 1.0;
				PRODUCT_BUNDLE_IDENTIFIER = com.pseapplications.ccrecorder.CCRecorderTests;
				PRODUCT_NAME = "$(TARGET_NAME)";
				SWIFT_EMIT_LOC_STRINGS = NO;
				SWIFT_VERSION = 5.0;
				TARGETED_DEVICE_FAMILY = "1,2";
				TEST_HOST = "$(BUILT_PRODUCTS_DIR)/CCRecorder.app/$(BUNDLE_EXECUTABLE_FOLDER_PATH)/CCRecorder";
			};
			name = Debug;
		};
		A9DA8CEE2C8A9C3600D1141C /* Release */ = {
			isa = XCBuildConfiguration;
			buildSettings = {
				ALWAYS_EMBED_SWIFT_STANDARD_LIBRARIES = YES;
				BUNDLE_LOADER = "$(TEST_HOST)";
				CODE_SIGN_STYLE = Automatic;
				CURRENT_PROJECT_VERSION = 1;
				DEVELOPMENT_TEAM = 9486RJPBM5;
				GENERATE_INFOPLIST_FILE = YES;
				IPHONEOS_DEPLOYMENT_TARGET = 17.5;
				MARKETING_VERSION = 1.0;
				PRODUCT_BUNDLE_IDENTIFIER = com.pseapplications.ccrecorder.CCRecorderTests;
				PRODUCT_NAME = "$(TARGET_NAME)";
				SWIFT_EMIT_LOC_STRINGS = NO;
				SWIFT_VERSION = 5.0;
				TARGETED_DEVICE_FAMILY = "1,2";
				TEST_HOST = "$(BUILT_PRODUCTS_DIR)/CCRecorder.app/$(BUNDLE_EXECUTABLE_FOLDER_PATH)/CCRecorder";
			};
			name = Release;
		};
		A9DA8CF02C8A9C3600D1141C /* Debug */ = {
			isa = XCBuildConfiguration;
			buildSettings = {
				ALWAYS_EMBED_SWIFT_STANDARD_LIBRARIES = YES;
				CODE_SIGN_STYLE = Automatic;
				CURRENT_PROJECT_VERSION = 1;
				DEVELOPMENT_TEAM = 9486RJPBM5;
				GENERATE_INFOPLIST_FILE = YES;
				MARKETING_VERSION = 1.0;
				PRODUCT_BUNDLE_IDENTIFIER = com.pseapplications.ccrecorder.CCRecorderUITests;
				PRODUCT_NAME = "$(TARGET_NAME)";
				SWIFT_EMIT_LOC_STRINGS = NO;
				SWIFT_VERSION = 5.0;
				TARGETED_DEVICE_FAMILY = "1,2";
				TEST_TARGET_NAME = CCRecorder;
			};
			name = Debug;
		};
		A9DA8CF12C8A9C3600D1141C /* Release */ = {
			isa = XCBuildConfiguration;
			buildSettings = {
				ALWAYS_EMBED_SWIFT_STANDARD_LIBRARIES = YES;
				CODE_SIGN_STYLE = Automatic;
				CURRENT_PROJECT_VERSION = 1;
				DEVELOPMENT_TEAM = 9486RJPBM5;
				GENERATE_INFOPLIST_FILE = YES;
				MARKETING_VERSION = 1.0;
				PRODUCT_BUNDLE_IDENTIFIER = com.pseapplications.ccrecorder.CCRecorderUITests;
				PRODUCT_NAME = "$(TARGET_NAME)";
				SWIFT_EMIT_LOC_STRINGS = NO;
				SWIFT_VERSION = 5.0;
				TARGETED_DEVICE_FAMILY = "1,2";
				TEST_TARGET_NAME = CCRecorder;
			};
			name = Release;
		};
/* End XCBuildConfiguration section */

/* Begin XCConfigurationList section */
		A9DA8CBE2C8A9C3500D1141C /* Build configuration list for PBXProject "CCRecorder" */ = {
			isa = XCConfigurationList;
			buildConfigurations = (
				A9DA8CE72C8A9C3600D1141C /* Debug */,
				A9DA8CE82C8A9C3600D1141C /* Release */,
			);
			defaultConfigurationIsVisible = 0;
			defaultConfigurationName = Release;
		};
		A9DA8CE92C8A9C3600D1141C /* Build configuration list for PBXNativeTarget "CCRecorder" */ = {
			isa = XCConfigurationList;
			buildConfigurations = (
				A9DA8CEA2C8A9C3600D1141C /* Debug */,
				A9DA8CEB2C8A9C3600D1141C /* Release */,
			);
			defaultConfigurationIsVisible = 0;
			defaultConfigurationName = Release;
		};
		A9DA8CEC2C8A9C3600D1141C /* Build configuration list for PBXNativeTarget "CCRecorderTests" */ = {
			isa = XCConfigurationList;
			buildConfigurations = (
				A9DA8CED2C8A9C3600D1141C /* Debug */,
				A9DA8CEE2C8A9C3600D1141C /* Release */,
			);
			defaultConfigurationIsVisible = 0;
			defaultConfigurationName = Release;
		};
		A9DA8CEF2C8A9C3600D1141C /* Build configuration list for PBXNativeTarget "CCRecorderUITests" */ = {
			isa = XCConfigurationList;
			buildConfigurations = (
				A9DA8CF02C8A9C3600D1141C /* Debug */,
				A9DA8CF12C8A9C3600D1141C /* Release */,
			);
			defaultConfigurationIsVisible = 0;
			defaultConfigurationName = Release;
		};
/* End XCConfigurationList section */
	};
	rootObject = A9DA8CBB2C8A9C3500D1141C /* Project object */;
}
